<Solution>
	<Configurations>
		<Platform Name="Any CPU" />
		<Platform Name="ARM32" />
		<Platform Name="ARM64" />
		<Platform Name="x64" />
		<Platform Name="x86" />
	</Configurations>

	<Folder Name="/Solution Items/">
		<File Path=".editorconfig" />
		<File Path=".gitignore" />
		<File Path="cliff.toml" />
		<File Path="README.md" />
		<File Path="Directory.Build.props" />
        <File Path="LICENSE.txt" />
		<File Path="SECURITY.md" />
	</Folder>

    <Folder Name="/Solution Items/Assets/">
        <File Path="assets/logo.png" />
        <File Path="assets/icon.png" />
    </Folder>

	<Folder Name="/Source/">
		<Project Path="src/RSML.CLI/RSML.CLI.csproj">
			<Platform Solution="*|ARM32" Project="ARM32" />
			<Platform Solution="*|ARM64" Project="ARM64" />
			<Platform Solution="*|x64" Project="x64" />
			<Platform Solution="*|x86" Project="x86" />
		</Project>
		<Project Path="src/RSML.Extensibility/RSML.Extensibility.csproj" Id="de53662d-20b1-4289-a51b-43c3c401bbd7">
			<Platform Solution="*|ARM32" Project="ARM32" />
			<Platform Solution="*|ARM64" Project="ARM64" />
			<Platform Solution="*|x64" Project="x64" />
			<Platform Solution="*|x86" Project="x86" />
		</Project>
		<Project Path="src/RSML.Native/RSML.Native.csproj">
			<Platform Solution="*|ARM32" Project="ARM32" />
			<Platform Solution="*|ARM64" Project="ARM64" />
			<Platform Solution="*|x64" Project="x64" />
			<Platform Solution="*|x86" Project="x86" />
		</Project>
		<Project Path="src/RSML/RSML.csproj">
			<Platform Solution="*|ARM32" Project="ARM32" />
			<Platform Solution="*|ARM64" Project="ARM64" />
			<Platform Solution="*|x64" Project="x64" />
			<Platform Solution="*|x86" Project="x86" />
		</Project>
	</Folder>

	<Folder Name="/Source/Tests/">
		<File Path="tests/Directory.Build.props" />
		<Project Path="benchmarks/RSML.Benchmarks.csproj">
			<Platform Solution="*|ARM32" Project="ARM32" />
			<Platform Solution="*|ARM64" Project="ARM64" />
			<Platform Solution="*|x64" Project="x64" />
			<Platform Solution="*|x86" Project="x86" />
		</Project>
		<Project Path="tests/RSML.InternalTests/RSML.InternalTests.csproj" Id="bcf74754-66fd-40c5-9faa-6d803d66467f" />
		<Project Path="tests/RSML.NativeTests/RSML.NativeTests.csproj" Id="9c3a8c42-d460-4a2a-bcb0-5363a9d7022c">
			<Platform Solution="*|ARM32" Project="ARM32" />
			<Platform Solution="*|ARM64" Project="ARM64" />
			<Platform Solution="*|x64" Project="x64" />
			<Platform Solution="*|x86" Project="x86" />
		</Project>
		<Project Path="tests/RSML.Tests/RSML.Tests.csproj" Id="960c858b-2254-426f-96e5-54a6761c600f">
			<Platform Solution="*|ARM32" Project="ARM32" />
			<Platform Solution="*|ARM64" Project="ARM64" />
			<Platform Solution="*|x64" Project="x64" />
			<Platform Solution="*|x86" Project="x86" />
		</Project>
	</Folder>
</Solution>
