
Microsoft Visual Studio Solution File, Format Version 12.00
# Visual Studio Version 17
VisualStudioVersion = 17.14.36121.58
MinimumVisualStudioVersion = 10.0.40219.1
Project("{FAE04EC0-301F-11D3-BF4B-00C04F79EFBC}") = "RSML", "RSML\RSML.csproj", "{0060E963-C059-4B97-99C5-F4C7D6C6FC73}"
EndProject
Project("{FAE04EC0-301F-11D3-BF4B-00C04F79EFBC}") = "RSML.CLI", "RSML.CLI\RSML.CLI.csproj", "{F365A776-5802-42A8-BF46-0A5046421B31}"
EndProject
Project("{2150E333-8FDC-42A3-9474-1A3956D46DE8}") = "Solution Items", "Solution Items", "{089100B1-113F-4E66-888A-E83F3999EAFD}"
	ProjectSection(SolutionItems) = preProject
		.editorconfig = .editorconfig
	EndProjectSection
EndProject
Global
	GlobalSection(SolutionConfigurationPlatforms) = preSolution
		Debug|Any CPU = Debug|Any CPU
		Debug|x64 = Debug|x64
		Debug|x86 = Debug|x86
		Release|Any CPU = Release|Any CPU
		Release|x64 = Release|x64
		Release|x86 = Release|x86
	EndGlobalSection
	GlobalSection(ProjectConfigurationPlatforms) = postSolution
		{0060E963-C059-4B97-99C5-F4C7D6C6FC73}.Debug|Any CPU.ActiveCfg = Debug|Any CPU
		{0060E963-C059-4B97-99C5-F4C7D6C6FC73}.Debug|Any CPU.Build.0 = Debug|Any CPU
		{0060E963-C059-4B97-99C5-F4C7D6C6FC73}.Debug|x64.ActiveCfg = Debug|x64
		{0060E963-C059-4B97-99C5-F4C7D6C6FC73}.Debug|x64.Build.0 = Debug|x64
		{0060E963-C059-4B97-99C5-F4C7D6C6FC73}.Debug|x86.ActiveCfg = Debug|x86
		{0060E963-C059-4B97-99C5-F4C7D6C6FC73}.Debug|x86.Build.0 = Debug|x86
		{0060E963-C059-4B97-99C5-F4C7D6C6FC73}.Release|Any CPU.ActiveCfg = Release|Any CPU
		{0060E963-C059-4B97-99C5-F4C7D6C6FC73}.Release|Any CPU.Build.0 = Release|Any CPU
		{0060E963-C059-4B97-99C5-F4C7D6C6FC73}.Release|x64.ActiveCfg = Release|x64
		{0060E963-C059-4B97-99C5-F4C7D6C6FC73}.Release|x64.Build.0 = Release|x64
		{0060E963-C059-4B97-99C5-F4C7D6C6FC73}.Release|x86.ActiveCfg = Release|x86
		{0060E963-C059-4B97-99C5-F4C7D6C6FC73}.Release|x86.Build.0 = Release|x86
		{F365A776-5802-42A8-BF46-0A5046421B31}.Debug|Any CPU.ActiveCfg = Debug|Any CPU
		{F365A776-5802-42A8-BF46-0A5046421B31}.Debug|Any CPU.Build.0 = Debug|Any CPU
		{F365A776-5802-42A8-BF46-0A5046421B31}.Debug|x64.ActiveCfg = Debug|x64
		{F365A776-5802-42A8-BF46-0A5046421B31}.Debug|x64.Build.0 = Debug|x64
		{F365A776-5802-42A8-BF46-0A5046421B31}.Debug|x86.ActiveCfg = Debug|x86
		{F365A776-5802-42A8-BF46-0A5046421B31}.Debug|x86.Build.0 = Debug|x86
		{F365A776-5802-42A8-BF46-0A5046421B31}.Release|Any CPU.ActiveCfg = Release|Any CPU
		{F365A776-5802-42A8-BF46-0A5046421B31}.Release|Any CPU.Build.0 = Release|Any CPU
		{F365A776-5802-42A8-BF46-0A5046421B31}.Release|x64.ActiveCfg = Release|x64
		{F365A776-5802-42A8-BF46-0A5046421B31}.Release|x64.Build.0 = Release|x64
		{F365A776-5802-42A8-BF46-0A5046421B31}.Release|x86.ActiveCfg = Release|x86
		{F365A776-5802-42A8-BF46-0A5046421B31}.Release|x86.Build.0 = Release|x86
	EndGlobalSection
	GlobalSection(SolutionProperties) = preSolution
		HideSolutionNode = FALSE
	EndGlobalSection
	GlobalSection(ExtensibilityGlobals) = postSolution
		SolutionGuid = {F3256D9C-158F-4F5C-A8D4-B5B0676C6BFB}
	EndGlobalSection
EndGlobal
